
Microsoft Visual Studio Solution File, Format Version 11.00
# Visual Studio 2010
Project("{8BC9CEB8-8B4A-11D0-8D11-00A0C91BC942}") = "socketServer", "socketServer\socketServer.vcxproj", "{F6A25DFC-9A0C-4B11-99BC-997249910AAF}"
EndProject
Global
	GlobalSection(SolutionConfigurationPlatforms) = preSolution
		Debug|Win32 = Debug|Win32
		Release|Win32 = Release|Win32
	EndGlobalSection
	GlobalSection(ProjectConfigurationPlatforms) = postSolution
		{F6A25DFC-9A0C-4B11-99BC-997249910AAF}.Debug|Win32.ActiveCfg = Debug|Win32
		{F6A25DFC-9A0C-4B11-99BC-997249910AAF}.Debug|Win32.Build.0 = Debug|Win32
		{F6A25DFC-9A0C-4B11-99BC-997249910AAF}.Release|Win32.ActiveCfg = Release|Win32
		{F6A25DFC-9A0C-4B11-99BC-997249910AAF}.Release|Win32.Build.0 = Release|Win32
	EndGlobalSection
	GlobalSection(SolutionProperties) = preSolution
		HideSolutionNode = FALSE
	EndGlobalSection
EndGlobal
